<?xml version="1.0" encoding="utf-8"?>
<Project ToolsVersion="4.0" xmlns="http://schemas.microsoft.com/developer/msbuild/2003">
  <ItemGroup>
    <Filter Include="tests">
      <UniqueIdentifier>{1a6cf8d2-bf80-456a-bac6-0a0708d4ee53}</UniqueIdentifier>
    </Filter>
    <Filter Include="src">
      <UniqueIdentifier>{e88b74a3-3549-4fc8-bea5-c995d6bb7e47}</UniqueIdentifier>
    </Filter>
  </ItemGroup>
  <ItemGroup>
    <None Include="README.md" />
  </ItemGroup>
  <ItemGroup>
    <ClCompile Include="src\PeSignatureVerifier.cpp">
      <Filter>src</Filter>
    </ClCompile>
    <ClCompile Include="tests\PeSignatureVerifierTests.cpp">
      <Filter>tests</Filter>
    </ClCompile>
  </ItemGroup>
  <ItemGroup>
    <ClInclude Include="src\PeSignatureVerifier.h">
      <Filter>src</Filter>
    </ClInclude>
    <ClInclude Include="tests\catch.hpp">
      <Filter>tests</Filter>
    </ClInclude>
  </ItemGroup>
</Project>